
Microsoft Visual Studio Solution File, Format Version 12.00
# Visual Studio Version 16
VisualStudioVersion = 16.0.30621.155
MinimumVisualStudioVersion = 10.0.40219.1
Project("{9A19103F-16F7-4668-BE54-9A1E7A4F7556}") = "GGsAPI", "GGsAPI\GGsAPI.csproj", "{233A598B-B875-438D-9BDB-F57DA618F869}"
EndProject
Project("{9A19103F-16F7-4668-BE54-9A1E7A4F7556}") = "GGsDB", "..\GGsDB\GGsDB.csproj", "{118015FE-9E3D-4CE4-AED6-706850D7B6F1}"
EndProject
Project("{9A19103F-16F7-4668-BE54-9A1E7A4F7556}") = "GGsLib", "..\GGsLib\GGsLib.csproj", "{1BD80A91-BE80-46C5-A96E-794122B6B1E8}"
EndProject
Project("{9A19103F-16F7-4668-BE54-9A1E7A4F7556}") = "GGsTest", "..\GGsTest\GGsTest.csproj", "{F3BE6C93-93EC-4C98-AE43-B9B048028195}"
EndProject
Global
	GlobalSection(SolutionConfigurationPlatforms) = preSolution
		Debug|Any CPU = Debug|Any CPU
		Release|Any CPU = Release|Any CPU
	EndGlobalSection
	GlobalSection(ProjectConfigurationPlatforms) = postSolution
		{233A598B-B875-438D-9BDB-F57DA618F869}.Debug|Any CPU.ActiveCfg = Debug|Any CPU
		{233A598B-B875-438D-9BDB-F57DA618F869}.Debug|Any CPU.Build.0 = Debug|Any CPU
		{233A598B-B875-438D-9BDB-F57DA618F869}.Release|Any CPU.ActiveCfg = Release|Any CPU
		{233A598B-B875-438D-9BDB-F57DA618F869}.Release|Any CPU.Build.0 = Release|Any CPU
		{118015FE-9E3D-4CE4-AED6-706850D7B6F1}.Debug|Any CPU.ActiveCfg = Debug|Any CPU
		{118015FE-9E3D-4CE4-AED6-706850D7B6F1}.Debug|Any CPU.Build.0 = Debug|Any CPU
		{118015FE-9E3D-4CE4-AED6-706850D7B6F1}.Release|Any CPU.ActiveCfg = Release|Any CPU
		{118015FE-9E3D-4CE4-AED6-706850D7B6F1}.Release|Any CPU.Build.0 = Release|Any CPU
		{1BD80A91-BE80-46C5-A96E-794122B6B1E8}.Debug|Any CPU.ActiveCfg = Debug|Any CPU
		{1BD80A91-BE80-46C5-A96E-794122B6B1E8}.Debug|Any CPU.Build.0 = Debug|Any CPU
		{1BD80A91-BE80-46C5-A96E-794122B6B1E8}.Release|Any CPU.ActiveCfg = Release|Any CPU
		{1BD80A91-BE80-46C5-A96E-794122B6B1E8}.Release|Any CPU.Build.0 = Release|Any CPU
		{F3BE6C93-93EC-4C98-AE43-B9B048028195}.Debug|Any CPU.ActiveCfg = Debug|Any CPU
		{F3BE6C93-93EC-4C98-AE43-B9B048028195}.Debug|Any CPU.Build.0 = Debug|Any CPU
		{F3BE6C93-93EC-4C98-AE43-B9B048028195}.Release|Any CPU.ActiveCfg = Release|Any CPU
		{F3BE6C93-93EC-4C98-AE43-B9B048028195}.Release|Any CPU.Build.0 = Release|Any CPU
	EndGlobalSection
	GlobalSection(SolutionProperties) = preSolution
		HideSolutionNode = FALSE
	EndGlobalSection
	GlobalSection(ExtensibilityGlobals) = postSolution
		SolutionGuid = {482DF94E-9A33-4E66-8BF4-C5E79B82D03A}
	EndGlobalSection
EndGlobal
