
Microsoft Visual Studio Solution File, Format Version 12.00
# Visual Studio Version 16
VisualStudioVersion = 16.0.30621.155
MinimumVisualStudioVersion = 10.0.40219.1
Project("{9A19103F-16F7-4668-BE54-9A1E7A4F7556}") = "GGsAPI", "GGsAPI\GGsAPI.csproj", "{3A79D574-608E-4BE4-A7FA-6455FCA5B380}"
EndProject
Project("{9A19103F-16F7-4668-BE54-9A1E7A4F7556}") = "GGsDB", "GGsDB\GGsDB.csproj", "{4D254A0E-E632-4687-8DB8-4CC04D728E90}"
EndProject
Project("{9A19103F-16F7-4668-BE54-9A1E7A4F7556}") = "GGsLib", "GGsLib\GGsLib.csproj", "{BF9331F4-2783-461A-8944-4457D70C5FB9}"
EndProject
Project("{9A19103F-16F7-4668-BE54-9A1E7A4F7556}") = "GGsTest", "GGsTest\GGsTest.csproj", "{77511710-5F04-4DF0-A6FA-032BAF09C130}"
EndProject
Global
	GlobalSection(SolutionConfigurationPlatforms) = preSolution
		Debug|Any CPU = Debug|Any CPU
		Release|Any CPU = Release|Any CPU
	EndGlobalSection
	GlobalSection(ProjectConfigurationPlatforms) = postSolution
		{3A79D574-608E-4BE4-A7FA-6455FCA5B380}.Debug|Any CPU.ActiveCfg = Debug|Any CPU
		{3A79D574-608E-4BE4-A7FA-6455FCA5B380}.Debug|Any CPU.Build.0 = Debug|Any CPU
		{3A79D574-608E-4BE4-A7FA-6455FCA5B380}.Release|Any CPU.ActiveCfg = Release|Any CPU
		{3A79D574-608E-4BE4-A7FA-6455FCA5B380}.Release|Any CPU.Build.0 = Release|Any CPU
		{4D254A0E-E632-4687-8DB8-4CC04D728E90}.Debug|Any CPU.ActiveCfg = Debug|Any CPU
		{4D254A0E-E632-4687-8DB8-4CC04D728E90}.Debug|Any CPU.Build.0 = Debug|Any CPU
		{4D254A0E-E632-4687-8DB8-4CC04D728E90}.Release|Any CPU.ActiveCfg = Release|Any CPU
		{4D254A0E-E632-4687-8DB8-4CC04D728E90}.Release|Any CPU.Build.0 = Release|Any CPU
		{BF9331F4-2783-461A-8944-4457D70C5FB9}.Debug|Any CPU.ActiveCfg = Debug|Any CPU
		{BF9331F4-2783-461A-8944-4457D70C5FB9}.Debug|Any CPU.Build.0 = Debug|Any CPU
		{BF9331F4-2783-461A-8944-4457D70C5FB9}.Release|Any CPU.ActiveCfg = Release|Any CPU
		{BF9331F4-2783-461A-8944-4457D70C5FB9}.Release|Any CPU.Build.0 = Release|Any CPU
		{77511710-5F04-4DF0-A6FA-032BAF09C130}.Debug|Any CPU.ActiveCfg = Debug|Any CPU
		{77511710-5F04-4DF0-A6FA-032BAF09C130}.Debug|Any CPU.Build.0 = Debug|Any CPU
		{77511710-5F04-4DF0-A6FA-032BAF09C130}.Release|Any CPU.ActiveCfg = Release|Any CPU
		{77511710-5F04-4DF0-A6FA-032BAF09C130}.Release|Any CPU.Build.0 = Release|Any CPU
	EndGlobalSection
	GlobalSection(SolutionProperties) = preSolution
		HideSolutionNode = FALSE
	EndGlobalSection
	GlobalSection(ExtensibilityGlobals) = postSolution
		SolutionGuid = {71C37613-8476-423A-9422-47C1C292B0C1}
	EndGlobalSection
EndGlobal
