
Microsoft Visual Studio Solution File, Format Version 12.00
# Visual Studio Version 16
VisualStudioVersion = 16.0.30621.155
MinimumVisualStudioVersion = 10.0.40219.1
Project("{FAE04EC0-301F-11D3-BF4B-00C04F79EFBC}") = "GGsAPI", "GGsAPI\GGsAPI.csproj", "{C8EA915C-4185-4F41-9515-B71593110581}"
EndProject
Project("{9A19103F-16F7-4668-BE54-9A1E7A4F7556}") = "GGsDB", "GGsDB\GGsDB.csproj", "{72BF6DF4-BE6A-4DE3-8D30-969A47E2050A}"
EndProject
Project("{9A19103F-16F7-4668-BE54-9A1E7A4F7556}") = "GGsLib", "GGsLib\GGsLib.csproj", "{85E1C386-5EDB-4F9E-ACEC-A2AF9B37B30C}"
EndProject
Project("{9A19103F-16F7-4668-BE54-9A1E7A4F7556}") = "GGsTest", "GGsTest\GGsTest.csproj", "{B92EB0BD-2EE2-4B5B-AD16-31D6958A9768}"
EndProject
Global
	GlobalSection(SolutionConfigurationPlatforms) = preSolution
		Debug|Any CPU = Debug|Any CPU
		Release|Any CPU = Release|Any CPU
	EndGlobalSection
	GlobalSection(ProjectConfigurationPlatforms) = postSolution
		{C8EA915C-4185-4F41-9515-B71593110581}.Debug|Any CPU.ActiveCfg = Debug|Any CPU
		{C8EA915C-4185-4F41-9515-B71593110581}.Debug|Any CPU.Build.0 = Debug|Any CPU
		{C8EA915C-4185-4F41-9515-B71593110581}.Release|Any CPU.ActiveCfg = Release|Any CPU
		{C8EA915C-4185-4F41-9515-B71593110581}.Release|Any CPU.Build.0 = Release|Any CPU
		{72BF6DF4-BE6A-4DE3-8D30-969A47E2050A}.Debug|Any CPU.ActiveCfg = Debug|Any CPU
		{72BF6DF4-BE6A-4DE3-8D30-969A47E2050A}.Debug|Any CPU.Build.0 = Debug|Any CPU
		{72BF6DF4-BE6A-4DE3-8D30-969A47E2050A}.Release|Any CPU.ActiveCfg = Release|Any CPU
		{72BF6DF4-BE6A-4DE3-8D30-969A47E2050A}.Release|Any CPU.Build.0 = Release|Any CPU
		{85E1C386-5EDB-4F9E-ACEC-A2AF9B37B30C}.Debug|Any CPU.ActiveCfg = Debug|Any CPU
		{85E1C386-5EDB-4F9E-ACEC-A2AF9B37B30C}.Debug|Any CPU.Build.0 = Debug|Any CPU
		{85E1C386-5EDB-4F9E-ACEC-A2AF9B37B30C}.Release|Any CPU.ActiveCfg = Release|Any CPU
		{85E1C386-5EDB-4F9E-ACEC-A2AF9B37B30C}.Release|Any CPU.Build.0 = Release|Any CPU
		{B92EB0BD-2EE2-4B5B-AD16-31D6958A9768}.Debug|Any CPU.ActiveCfg = Debug|Any CPU
		{B92EB0BD-2EE2-4B5B-AD16-31D6958A9768}.Debug|Any CPU.Build.0 = Debug|Any CPU
		{B92EB0BD-2EE2-4B5B-AD16-31D6958A9768}.Release|Any CPU.ActiveCfg = Release|Any CPU
		{B92EB0BD-2EE2-4B5B-AD16-31D6958A9768}.Release|Any CPU.Build.0 = Release|Any CPU
	EndGlobalSection
	GlobalSection(SolutionProperties) = preSolution
		HideSolutionNode = FALSE
	EndGlobalSection
	GlobalSection(ExtensibilityGlobals) = postSolution
		SolutionGuid = {5AFAD6D2-123D-49E6-AE73-C692E04E3BC2}
	EndGlobalSection
EndGlobal
